// !$*UTF8*$!
{
	archiveVersion = 1;
	classes = {
	};
	objectVersion = 50;
	objects = {

/* Begin PBXBuildFile section */
		0413B1B6242A38AA00C1D4CB /* kayitViewController.swift in Sources */ = {isa = PBXBuildFile; fileRef = 0413B1B5242A38AA00C1D4CB /* kayitViewController.swift */; };
		047D0155242982040060FFEB /* AppDelegate.swift in Sources */ = {isa = PBXBuildFile; fileRef = 047D0154242982040060FFEB /* AppDelegate.swift */; };
		047D0157242982040060FFEB /* SceneDelegate.swift in Sources */ = {isa = PBXBuildFile; fileRef = 047D0156242982040060FFEB /* SceneDelegate.swift */; };
		047D0159242982040060FFEB /* ViewController.swift in Sources */ = {isa = PBXBuildFile; fileRef = 047D0158242982040060FFEB /* ViewController.swift */; };
		047D015C242982040060FFEB /* Main.storyboard in Resources */ = {isa = PBXBuildFile; fileRef = 047D015A242982040060FFEB /* Main.storyboard */; };
		047D015E242982050060FFEB /* Assets.xcassets in Resources */ = {isa = PBXBuildFile; fileRef = 047D015D242982050060FFEB /* Assets.xcassets */; };
		047D0161242982050060FFEB /* LaunchScreen.storyboard in Resources */ = {isa = PBXBuildFile; fileRef = 047D015F242982050060FFEB /* LaunchScreen.storyboard */; };
/* End PBXBuildFile section */

/* Begin PBXFileReference section */
		0413B1B5242A38AA00C1D4CB /* kayitViewController.swift */ = {isa = PBXFileReference; lastKnownFileType = sourcecode.swift; path = kayitViewController.swift; sourceTree = "<group>"; };
		047D0151242982040060FFEB /* Open-FSMVU.app */ = {isa = PBXFileReference; explicitFileType = wrapper.application; includeInIndex = 0; path = "Open-FSMVU.app"; sourceTree = BUILT_PRODUCTS_DIR; };
		047D0154242982040060FFEB /* AppDelegate.swift */ = {isa = PBXFileReference; lastKnownFileType = sourcecode.swift; path = AppDelegate.swift; sourceTree = "<group>"; };
		047D0156242982040060FFEB /* SceneDelegate.swift */ = {isa = PBXFileReference; lastKnownFileType = sourcecode.swift; path = SceneDelegate.swift; sourceTree = "<group>"; };
		047D0158242982040060FFEB /* ViewController.swift */ = {isa = PBXFileReference; lastKnownFileType = sourcecode.swift; path = ViewController.swift; sourceTree = "<group>"; };
		047D015B242982040060FFEB /* Base */ = {isa = PBXFileReference; lastKnownFileType = file.storyboard; name = Base; path = Base.lproj/Main.storyboard; sourceTree = "<group>"; };
		047D015D242982050060FFEB /* Assets.xcassets */ = {isa = PBXFileReference; lastKnownFileType = folder.assetcatalog; path = Assets.xcassets; sourceTree = "<group>"; };
		047D0160242982050060FFEB /* Base */ = {isa = PBXFileReference; lastKnownFileType = file.storyboard; name = Base; path = Base.lproj/LaunchScreen.storyboard; sourceTree = "<group>"; };
		047D0162242982050060FFEB /* Info.plist */ = {isa = PBXFileReference; lastKnownFileType = text.plist.xml; path = Info.plist; sourceTree = "<group>"; };
/* End PBXFileReference section */

/* Begin PBXFrameworksBuildPhase section */
		047D014E242982040060FFEB /* Frameworks */ = {
			isa = PBXFrameworksBuildPhase;
			buildActionMask = 2147483647;
			files = (
			);
			runOnlyForDeploymentPostprocessing = 0;
		};
/* End PBXFrameworksBuildPhase section */

/* Begin PBXGroup section */
		047D0148242982040060FFEB = {
			isa = PBXGroup;
			children = (
				047D0153242982040060FFEB /* Open-FSMVU */,
				047D0152242982040060FFEB /* Products */,
			);
			sourceTree = "<group>";
		};
		047D0152242982040060FFEB /* Products */ = {
			isa = PBXGroup;
			children = (
				047D0151242982040060FFEB /* Open-FSMVU.app */,
			);
			name = Products;
			sourceTree = "<group>";
		};
		047D0153242982040060FFEB /* Open-FSMVU */ = {
			isa = PBXGroup;
			children = (
				047D0154242982040060FFEB /* AppDelegate.swift */,
				047D0156242982040060FFEB /* SceneDelegate.swift */,
				047D0158242982040060FFEB /* ViewController.swift */,
				0413B1B5242A38AA00C1D4CB /* kayitViewController.swift */,
				047D015A242982040060FFEB /* Main.storyboard */,
				047D015D242982050060FFEB /* Assets.xcassets */,
				047D015F242982050060FFEB /* LaunchScreen.storyboard */,
				047D0162242982050060FFEB /* Info.plist */,
			);
			path = "Open-FSMVU";
			sourceTree = "<group>";
		};
/* End PBXGroup section */

/* Begin PBXNativeTarget section */
		047D0150242982040060FFEB /* Open-FSMVU */ = {
			isa = PBXNativeTarget;
			buildConfigurationList = 047D0165242982050060FFEB /* Build configuration list for PBXNativeTarget "Open-FSMVU" */;
			buildPhases = (
				047D014D242982040060FFEB /* Sources */,
				047D014E242982040060FFEB /* Frameworks */,
				047D014F242982040060FFEB /* Resources */,
			);
			buildRules = (
			);
			dependencies = (
			);
			name = "Open-FSMVU";
			productName = "Open-FSMVU";
			productReference = 047D0151242982040060FFEB /* Open-FSMVU.app */;
			productType = "com.apple.product-type.application";
		};
/* End PBXNativeTarget section */

/* Begin PBXProject section */
		047D0149242982040060FFEB /* Project object */ = {
			isa = PBXProject;
			attributes = {
				LastSwiftUpdateCheck = 1130;
				LastUpgradeCheck = 1130;
				ORGANIZATIONNAME = mac;
				TargetAttributes = {
					047D0150242982040060FFEB = {
						CreatedOnToolsVersion = 11.3.1;
					};
				};
			};
			buildConfigurationList = 047D014C242982040060FFEB /* Build configuration list for PBXProject "Open-FSMVU" */;
			compatibilityVersion = "Xcode 9.3";
			developmentRegion = en;
			hasScannedForEncodings = 0;
			knownRegions = (
				en,
				Base,
			);
			mainGroup = 047D0148242982040060FFEB;
			productRefGroup = 047D0152242982040060FFEB /* Products */;
			projectDirPath = "";
			projectRoot = "";
			targets = (
				047D0150242982040060FFEB /* Open-FSMVU */,
			);
		};
/* End PBXProject section */

/* Begin PBXResourcesBuildPhase section */
		047D014F242982040060FFEB /* Resources */ = {
			isa = PBXResourcesBuildPhase;
			buildActionMask = 2147483647;
			files = (
				047D0161242982050060FFEB /* LaunchScreen.storyboard in Resources */,
				047D015E242982050060FFEB /* Assets.xcassets in Resources */,
				047D015C242982040060FFEB /* Main.storyboard in Resources */,
			);
			runOnlyForDeploymentPostprocessing = 0;
		};
/* End PBXResourcesBuildPhase section */

/* Begin PBXSourcesBuildPhase section */
		047D014D242982040060FFEB /* Sources */ = {
			isa = PBXSourcesBuildPhase;
			buildActionMask = 2147483647;
			files = (
				047D0159242982040060FFEB /* ViewController.swift in Sources */,
				0413B1B6242A38AA00C1D4CB /* kayitViewController.swift in Sources */,
				047D0155242982040060FFEB /* AppDelegate.swift in Sources */,
				047D0157242982040060FFEB /* SceneDelegate.swift in Sources */,
			);
			runOnlyForDeploymentPostprocessing = 0;
		};
/* End PBXSourcesBuildPhase section */

/* Begin PBXVariantGroup section */
		047D015A242982040060FFEB /* Main.storyboard */ = {
			isa = PBXVariantGroup;
			children = (
				047D015B242982040060FFEB /* Base */,
			);
			name = Main.storyboard;
			sourceTree = "<group>";
		};
		047D015F242982050060FFEB /* LaunchScreen.storyboard */ = {
			isa = PBXVariantGroup;
			children = (
				047D0160242982050060FFEB /* Base */,
			);
			name = LaunchScreen.storyboard;
			sourceTree = "<group>";
		};
/* End PBXVariantGroup section */

/* Begin XCBuildConfiguration section */
		047D0163242982050060FFEB /* Debug */ = {
			isa = XCBuildConfiguration;
			buildSettings = {
				ALWAYS_SEARCH_USER_PATHS = NO;
				CLANG_ANALYZER_NONNULL = YES;
				CLANG_ANALYZER_NUMBER_OBJECT_CONVERSION = YES_AGGRESSIVE;
				CLANG_CXX_LANGUAGE_STANDARD = "gnu++14";
				CLANG_CXX_LIBRARY = "libc++";
				CLANG_ENABLE_MODULES = YES;
				CLANG_ENABLE_OBJC_ARC = YES;
				CLANG_ENABLE_OBJC_WEAK = YES;
				CLANG_WARN_BLOCK_CAPTURE_AUTORELEASING = YES;
				CLANG_WARN_BOOL_CONVERSION = YES;
				CLANG_WARN_COMMA = YES;
				CLANG_WARN_CONSTANT_CONVERSION = YES;
				CLANG_WARN_DEPRECATED_OBJC_IMPLEMENTATIONS = YES;
				CLANG_WARN_DIRECT_OBJC_ISA_USAGE = YES_ERROR;
				CLANG_WARN_DOCUMENTATION_COMMENTS = YES;
				CLANG_WARN_EMPTY_BODY = YES;
				CLANG_WARN_ENUM_CONVERSION = YES;
				CLANG_WARN_INFINITE_RECURSION = YES;
				CLANG_WARN_INT_CONVERSION = YES;
				CLANG_WARN_NON_LITERAL_NULL_CONVERSION = YES;
				CLANG_WARN_OBJC_IMPLICIT_RETAIN_SELF = YES;
				CLANG_WARN_OBJC_LITERAL_CONVERSION = YES;
				CLANG_WARN_OBJC_ROOT_CLASS = YES_ERROR;
				CLANG_WARN_RANGE_LOOP_ANALYSIS = YES;
				CLANG_WARN_STRICT_PROTOTYPES = YES;
				CLANG_WARN_SUSPICIOUS_MOVE = YES;
				CLANG_WARN_UNGUARDED_AVAILABILITY = YES_AGGRESSIVE;
				CLANG_WARN_UNREACHABLE_CODE = YES;
				CLANG_WARN__DUPLICATE_METHOD_MATCH = YES;
				COPY_PHASE_STRIP = NO;
				DEBUG_INFORMATION_FORMAT = dwarf;
				ENABLE_STRICT_OBJC_MSGSEND = YES;
				ENABLE_TESTABILITY = YES;
				GCC_C_LANGUAGE_STANDARD = gnu11;
				GCC_DYNAMIC_NO_PIC = NO;
				GCC_NO_COMMON_BLOCKS = YES;
				GCC_OPTIMIZATION_LEVEL = 0;
				GCC_PREPROCESSOR_DEFINITIONS = (
					"DEBUG=1",
					"$(inherited)",
				);
				GCC_WARN_64_TO_32_BIT_CONVERSION = YES;
				GCC_WARN_ABOUT_RETURN_TYPE = YES_ERROR;
				GCC_WARN_UNDECLARED_SELECTOR = YES;
				GCC_WARN_UNINITIALIZED_AUTOS = YES_AGGRESSIVE;
				GCC_WARN_UNUSED_FUNCTION = YES;
				GCC_WARN_UNUSED_VARIABLE = YES;
				IPHONEOS_DEPLOYMENT_TARGET = 13.2;
				MTL_ENABLE_DEBUG_INFO = INCLUDE_SOURCE;
				MTL_FAST_MATH = YES;
				ONLY_ACTIVE_ARCH = YES;
				SDKROOT = iphoneos;
				SWIFT_ACTIVE_COMPILATION_CONDITIONS = DEBUG;
				SWIFT_OPTIMIZATION_LEVEL = "-Onone";
			};
			name = Debug;
		};
		047D0164242982050060FFEB /* Release */ = {
			isa = XCBuildConfiguration;
			buildSettings = {
				ALWAYS_SEARCH_USER_PATHS = NO;
				CLANG_ANALYZER_NONNULL = YES;
				CLANG_ANALYZER_NUMBER_OBJECT_CONVERSION = YES_AGGRESSIVE;
				CLANG_CXX_LANGUAGE_STANDARD = "gnu++14";
				CLANG_CXX_LIBRARY = "libc++";
				CLANG_ENABLE_MODULES = YES;
				CLANG_ENABLE_OBJC_ARC = YES;
				CLANG_ENABLE_OBJC_WEAK = YES;
				CLANG_WARN_BLOCK_CAPTURE_AUTORELEASING = YES;
				CLANG_WARN_BOOL_CONVERSION = YES;
				CLANG_WARN_COMMA = YES;
				CLANG_WARN_CONSTANT_CONVERSION = YES;
				CLANG_WARN_DEPRECATED_OBJC_IMPLEMENTATIONS = YES;
				CLANG_WARN_DIRECT_OBJC_ISA_USAGE = YES_ERROR;
				CLANG_WARN_DOCUMENTATION_COMMENTS = YES;
				CLANG_WARN_EMPTY_BODY = YES;
				CLANG_WARN_ENUM_CONVERSION = YES;
				CLANG_WARN_INFINITE_RECURSION = YES;
				CLANG_WARN_INT_CONVERSION = YES;
				CLANG_WARN_NON_LITERAL_NULL_CONVERSION = YES;
				CLANG_WARN_OBJC_IMPLICIT_RETAIN_SELF = YES;
				CLANG_WARN_OBJC_LITERAL_CONVERSION = YES;
				CLANG_WARN_OBJC_ROOT_CLASS = YES_ERROR;
				CLANG_WARN_RANGE_LOOP_ANALYSIS = YES;
				CLANG_WARN_STRICT_PROTOTYPES = YES;
				CLANG_WARN_SUSPICIOUS_MOVE = YES;
				CLANG_WARN_UNGUARDED_AVAILABILITY = YES_AGGRESSIVE;
				CLANG_WARN_UNREACHABLE_CODE = YES;
				CLANG_WARN__DUPLICATE_METHOD_MATCH = YES;
				COPY_PHASE_STRIP = NO;
				DEBUG_INFORMATION_FORMAT = "dwarf-with-dsym";
				ENABLE_NS_ASSERTIONS = NO;
				ENABLE_STRICT_OBJC_MSGSEND = YES;
				GCC_C_LANGUAGE_STANDARD = gnu11;
				GCC_NO_COMMON_BLOCKS = YES;
				GCC_WARN_64_TO_32_BIT_CONVERSION = YES;
				GCC_WARN_ABOUT_RETURN_TYPE = YES_ERROR;
				GCC_WARN_UNDECLARED_SELECTOR = YES;
				GCC_WARN_UNINITIALIZED_AUTOS = YES_AGGRESSIVE;
				GCC_WARN_UNUSED_FUNCTION = YES;
				GCC_WARN_UNUSED_VARIABLE = YES;
				IPHONEOS_DEPLOYMENT_TARGET = 13.2;
				MTL_ENABLE_DEBUG_INFO = NO;
				MTL_FAST_MATH = YES;
				SDKROOT = iphoneos;
				SWIFT_COMPILATION_MODE = wholemodule;
				SWIFT_OPTIMIZATION_LEVEL = "-O";
				VALIDATE_PRODUCT = YES;
			};
			name = Release;
		};
		047D0166242982050060FFEB /* Debug */ = {
			isa = XCBuildConfiguration;
			buildSettings = {
				ASSETCATALOG_COMPILER_APPICON_NAME = AppIcon;
				CODE_SIGN_STYLE = Automatic;
				INFOPLIST_FILE = "Open-FSMVU/Info.plist";
				LD_RUNPATH_SEARCH_PATHS = (
					"$(inherited)",
					"@executable_path/Frameworks",
				);
				PRODUCT_BUNDLE_IDENTIFIER = "com.ahmetzumber.Open-FSMVU";
				PRODUCT_NAME = "$(TARGET_NAME)";
				SWIFT_VERSION = 5.0;
				TARGETED_DEVICE_FAMILY = "1,2";
			};
			name = Debug;
		};
		047D0167242982050060FFEB /* Release */ = {
			isa = XCBuildConfiguration;
			buildSettings = {
				ASSETCATALOG_COMPILER_APPICON_NAME = AppIcon;
				CODE_SIGN_STYLE = Automatic;
				INFOPLIST_FILE = "Open-FSMVU/Info.plist";
				LD_RUNPATH_SEARCH_PATHS = (
					"$(inherited)",
					"@executable_path/Frameworks",
				);
				PRODUCT_BUNDLE_IDENTIFIER = "com.ahmetzumber.Open-FSMVU";
				PRODUCT_NAME = "$(TARGET_NAME)";
				SWIFT_VERSION = 5.0;
				TARGETED_DEVICE_FAMILY = "1,2";
			};
			name = Release;
		};
/* End XCBuildConfiguration section */

/* Begin XCConfigurationList section */
		047D014C242982040060FFEB /* Build configuration list for PBXProject "Open-FSMVU" */ = {
			isa = XCConfigurationList;
			buildConfigurations = (
				047D0163242982050060FFEB /* Debug */,
				047D0164242982050060FFEB /* Release */,
			);
			defaultConfigurationIsVisible = 0;
			defaultConfigurationName = Release;
		};
		047D0165242982050060FFEB /* Build configuration list for PBXNativeTarget "Open-FSMVU" */ = {
			isa = XCConfigurationList;
			buildConfigurations = (
				047D0166242982050060FFEB /* Debug */,
				047D0167242982050060FFEB /* Release */,
			);
			defaultConfigurationIsVisible = 0;
			defaultConfigurationName = Release;
		};
/* End XCConfigurationList section */
	};
	rootObject = 047D0149242982040060FFEB /* Project object */;
}
